
Microsoft Visual Studio Solution File, Format Version 12.00
# Visual Studio Version 16
VisualStudioVersion = 16.0.29728.190
MinimumVisualStudioVersion = 10.0.40219.1
Project("{FAE04EC0-301F-11D3-BF4B-00C04F79EFBC}") = "YMulWidthLookupGenerator", "YMulWidthLookupGenerator\YMulWidthLookupGenerator.csproj", "{0456CD62-4211-454A-B05B-CA041335338A}"
EndProject
Global
	GlobalSection(SolutionConfigurationPlatforms) = preSolution
		Debug|Any CPU = Debug|Any CPU
		Release|Any CPU = Release|Any CPU
	EndGlobalSection
	GlobalSection(ProjectConfigurationPlatforms) = postSolution
		{0456CD62-4211-454A-B05B-CA041335338A}.Debug|Any CPU.ActiveCfg = Debug|Any CPU
		{0456CD62-4211-454A-B05B-CA041335338A}.Debug|Any CPU.Build.0 = Debug|Any CPU
		{0456CD62-4211-454A-B05B-CA041335338A}.Release|Any CPU.ActiveCfg = Release|Any CPU
		{0456CD62-4211-454A-B05B-CA041335338A}.Release|Any CPU.Build.0 = Release|Any CPU
	EndGlobalSection
	GlobalSection(SolutionProperties) = preSolution
		HideSolutionNode = FALSE
	EndGlobalSection
	GlobalSection(ExtensibilityGlobals) = postSolution
		SolutionGuid = {FE13DEF2-62C7-4BD5-B64A-A6F33DAC1D8C}
	EndGlobalSection
EndGlobal
